// !$*UTF8*$!
{
	archiveVersion = 1;
	classes = {
	};
	objectVersion = 46;
	objects = {

/* Begin PBXBuildFile section */
		57DCDA795229B84FB5408430 /* libPods.a in Frameworks */ = {isa = PBXBuildFile; fileRef = 2044C1F2ECF7E9A8507031D0 /* libPods.a */; };
		74518C351B56935800A49329 /* EditViewController.m in Sources */ = {isa = PBXBuildFile; fileRef = 74518C341B56935800A49329 /* EditViewController.m */; };
		74735B1F1B557FCF009FBC70 /* main.m in Sources */ = {isa = PBXBuildFile; fileRef = 74735B1E1B557FCF009FBC70 /* main.m */; };
		74735B221B557FCF009FBC70 /* AppDelegate.m in Sources */ = {isa = PBXBuildFile; fileRef = 74735B211B557FCF009FBC70 /* AppDelegate.m */; };
		74735B251B557FCF009FBC70 /* ViewController.m in Sources */ = {isa = PBXBuildFile; fileRef = 74735B241B557FCF009FBC70 /* ViewController.m */; };
		74735B281B557FCF009FBC70 /* Main.storyboard in Resources */ = {isa = PBXBuildFile; fileRef = 74735B261B557FCF009FBC70 /* Main.storyboard */; };
		74735B2A1B557FCF009FBC70 /* Assets.xcassets in Resources */ = {isa = PBXBuildFile; fileRef = 74735B291B557FCF009FBC70 /* Assets.xcassets */; };
		74735B2D1B557FCF009FBC70 /* LaunchScreen.storyboard in Resources */ = {isa = PBXBuildFile; fileRef = 74735B2B1B557FCF009FBC70 /* LaunchScreen.storyboard */; };
		74735B361B557FE7009FBC70 /* BeaconManager.m in Sources */ = {isa = PBXBuildFile; fileRef = 74735B351B557FE7009FBC70 /* BeaconManager.m */; };
		74735B381B558037009FBC70 /* CoreLocation.framework in Frameworks */ = {isa = PBXBuildFile; fileRef = 74735B371B558037009FBC70 /* CoreLocation.framework */; };
		74735B3B1B558943009FBC70 /* Request.m in Sources */ = {isa = PBXBuildFile; fileRef = 74735B3A1B558943009FBC70 /* Request.m */; };
		747423E21B56AE720006E3F1 /* Check.m in Sources */ = {isa = PBXBuildFile; fileRef = 747423E11B56AE720006E3F1 /* Check.m */; };
		747423E41B56AFFD0006E3F1 /* CoreBluetooth.framework in Frameworks */ = {isa = PBXBuildFile; fileRef = 747423E31B56AFFD0006E3F1 /* CoreBluetooth.framework */; };
/* End PBXBuildFile section */

/* Begin PBXFileReference section */
		2044C1F2ECF7E9A8507031D0 /* libPods.a */ = {isa = PBXFileReference; explicitFileType = archive.ar; includeInIndex = 0; path = libPods.a; sourceTree = BUILT_PRODUCTS_DIR; };
		6DC7C3E03887A6A9BB201084 /* Pods.debug.xcconfig */ = {isa = PBXFileReference; includeInIndex = 1; lastKnownFileType = text.xcconfig; name = Pods.debug.xcconfig; path = "Pods/Target Support Files/Pods/Pods.debug.xcconfig"; sourceTree = "<group>"; };
		74518C331B56935800A49329 /* EditViewController.h */ = {isa = PBXFileReference; fileEncoding = 4; lastKnownFileType = sourcecode.c.h; path = EditViewController.h; sourceTree = "<group>"; };
		74518C341B56935800A49329 /* EditViewController.m */ = {isa = PBXFileReference; fileEncoding = 4; lastKnownFileType = sourcecode.c.objc; path = EditViewController.m; sourceTree = "<group>"; };
		74735B1A1B557FCF009FBC70 /* BBCC.app */ = {isa = PBXFileReference; explicitFileType = wrapper.application; includeInIndex = 0; path = BBCC.app; sourceTree = BUILT_PRODUCTS_DIR; };
		74735B1E1B557FCF009FBC70 /* main.m */ = {isa = PBXFileReference; lastKnownFileType = sourcecode.c.objc; path = main.m; sourceTree = "<group>"; };
		74735B201B557FCF009FBC70 /* AppDelegate.h */ = {isa = PBXFileReference; lastKnownFileType = sourcecode.c.h; path = AppDelegate.h; sourceTree = "<group>"; };
		74735B211B557FCF009FBC70 /* AppDelegate.m */ = {isa = PBXFileReference; lastKnownFileType = sourcecode.c.objc; path = AppDelegate.m; sourceTree = "<group>"; };
		74735B231B557FCF009FBC70 /* ViewController.h */ = {isa = PBXFileReference; lastKnownFileType = sourcecode.c.h; path = ViewController.h; sourceTree = "<group>"; };
		74735B241B557FCF009FBC70 /* ViewController.m */ = {isa = PBXFileReference; lastKnownFileType = sourcecode.c.objc; path = ViewController.m; sourceTree = "<group>"; };
		74735B271B557FCF009FBC70 /* Base */ = {isa = PBXFileReference; lastKnownFileType = file.storyboard; name = Base; path = Base.lproj/Main.storyboard; sourceTree = "<group>"; };
		74735B291B557FCF009FBC70 /* Assets.xcassets */ = {isa = PBXFileReference; lastKnownFileType = folder.assetcatalog; path = Assets.xcassets; sourceTree = "<group>"; };
		74735B2C1B557FCF009FBC70 /* Base */ = {isa = PBXFileReference; lastKnownFileType = file.storyboard; name = Base; path = Base.lproj/LaunchScreen.storyboard; sourceTree = "<group>"; };
		74735B2E1B557FCF009FBC70 /* Info.plist */ = {isa = PBXFileReference; lastKnownFileType = text.plist.xml; path = Info.plist; sourceTree = "<group>"; };
		74735B341B557FE7009FBC70 /* BeaconManager.h */ = {isa = PBXFileReference; fileEncoding = 4; lastKnownFileType = sourcecode.c.h; path = BeaconManager.h; sourceTree = "<group>"; };
		74735B351B557FE7009FBC70 /* BeaconManager.m */ = {isa = PBXFileReference; fileEncoding = 4; lastKnownFileType = sourcecode.c.objc; path = BeaconManager.m; sourceTree = "<group>"; };
		74735B371B558037009FBC70 /* CoreLocation.framework */ = {isa = PBXFileReference; lastKnownFileType = wrapper.framework; name = CoreLocation.framework; path = System/Library/Frameworks/CoreLocation.framework; sourceTree = SDKROOT; };
		74735B391B558943009FBC70 /* Request.h */ = {isa = PBXFileReference; fileEncoding = 4; lastKnownFileType = sourcecode.c.h; path = Request.h; sourceTree = "<group>"; };
		74735B3A1B558943009FBC70 /* Request.m */ = {isa = PBXFileReference; fileEncoding = 4; lastKnownFileType = sourcecode.c.objc; path = Request.m; sourceTree = "<group>"; };
		747423E01B56AE720006E3F1 /* Check.h */ = {isa = PBXFileReference; fileEncoding = 4; lastKnownFileType = sourcecode.c.h; path = Check.h; sourceTree = "<group>"; };
		747423E11B56AE720006E3F1 /* Check.m */ = {isa = PBXFileReference; fileEncoding = 4; lastKnownFileType = sourcecode.c.objc; path = Check.m; sourceTree = "<group>"; };
		747423E31B56AFFD0006E3F1 /* CoreBluetooth.framework */ = {isa = PBXFileReference; lastKnownFileType = wrapper.framework; name = CoreBluetooth.framework; path = System/Library/Frameworks/CoreBluetooth.framework; sourceTree = SDKROOT; };
		BC4608CD6E173044B9A6B11A /* Pods.release.xcconfig */ = {isa = PBXFileReference; includeInIndex = 1; lastKnownFileType = text.xcconfig; name = Pods.release.xcconfig; path = "Pods/Target Support Files/Pods/Pods.release.xcconfig"; sourceTree = "<group>"; };
/* End PBXFileReference section */

/* Begin PBXFrameworksBuildPhase section */
		74735B171B557FCF009FBC70 /* Frameworks */ = {
			isa = PBXFrameworksBuildPhase;
			buildActionMask = 2147483647;
			files = (
				747423E41B56AFFD0006E3F1 /* CoreBluetooth.framework in Frameworks */,
				74735B381B558037009FBC70 /* CoreLocation.framework in Frameworks */,
				57DCDA795229B84FB5408430 /* libPods.a in Frameworks */,
			);
			runOnlyForDeploymentPostprocessing = 0;
		};
/* End PBXFrameworksBuildPhase section */

/* Begin PBXGroup section */
		1073893E1C1272ACF6D02D44 /* Frameworks */ = {
			isa = PBXGroup;
			children = (
				747423E31B56AFFD0006E3F1 /* CoreBluetooth.framework */,
				2044C1F2ECF7E9A8507031D0 /* libPods.a */,
			);
			name = Frameworks;
			sourceTree = "<group>";
		};
		74735B111B557FCF009FBC70 = {
			isa = PBXGroup;
			children = (
				74735B371B558037009FBC70 /* CoreLocation.framework */,
				74735B1C1B557FCF009FBC70 /* BBCC */,
				74735B1B1B557FCF009FBC70 /* Products */,
				FE66325EFC585C15D5DB4490 /* Pods */,
				1073893E1C1272ACF6D02D44 /* Frameworks */,
			);
			sourceTree = "<group>";
		};
		74735B1B1B557FCF009FBC70 /* Products */ = {
			isa = PBXGroup;
			children = (
				74735B1A1B557FCF009FBC70 /* BBCC.app */,
			);
			name = Products;
			sourceTree = "<group>";
		};
		74735B1C1B557FCF009FBC70 /* BBCC */ = {
			isa = PBXGroup;
			children = (
				74735B201B557FCF009FBC70 /* AppDelegate.h */,
				74735B211B557FCF009FBC70 /* AppDelegate.m */,
				74735B231B557FCF009FBC70 /* ViewController.h */,
				74735B241B557FCF009FBC70 /* ViewController.m */,
				74735B261B557FCF009FBC70 /* Main.storyboard */,
				74735B291B557FCF009FBC70 /* Assets.xcassets */,
				74735B2B1B557FCF009FBC70 /* LaunchScreen.storyboard */,
				74735B2E1B557FCF009FBC70 /* Info.plist */,
				74735B1D1B557FCF009FBC70 /* Supporting Files */,
				74735B341B557FE7009FBC70 /* BeaconManager.h */,
				74735B351B557FE7009FBC70 /* BeaconManager.m */,
				74735B391B558943009FBC70 /* Request.h */,
				74735B3A1B558943009FBC70 /* Request.m */,
				74518C331B56935800A49329 /* EditViewController.h */,
				74518C341B56935800A49329 /* EditViewController.m */,
				747423E01B56AE720006E3F1 /* Check.h */,
				747423E11B56AE720006E3F1 /* Check.m */,
			);
			path = BBCC;
			sourceTree = "<group>";
		};
		74735B1D1B557FCF009FBC70 /* Supporting Files */ = {
			isa = PBXGroup;
			children = (
				74735B1E1B557FCF009FBC70 /* main.m */,
			);
			name = "Supporting Files";
			sourceTree = "<group>";
		};
		FE66325EFC585C15D5DB4490 /* Pods */ = {
			isa = PBXGroup;
			children = (
				6DC7C3E03887A6A9BB201084 /* Pods.debug.xcconfig */,
				BC4608CD6E173044B9A6B11A /* Pods.release.xcconfig */,
			);
			name = Pods;
			sourceTree = "<group>";
		};
/* End PBXGroup section */

/* Begin PBXNativeTarget section */
		74735B191B557FCF009FBC70 /* BBCC */ = {
			isa = PBXNativeTarget;
			buildConfigurationList = 74735B311B557FCF009FBC70 /* Build configuration list for PBXNativeTarget "BBCC" */;
			buildPhases = (
				F5F48196A9DE88E87E45190B /* Check Pods Manifest.lock */,
				74735B161B557FCF009FBC70 /* Sources */,
				74735B171B557FCF009FBC70 /* Frameworks */,
				74735B181B557FCF009FBC70 /* Resources */,
				F3BCE46FE8EB8580742350DB /* Copy Pods Resources */,
			);
			buildRules = (
			);
			dependencies = (
			);
			name = BBCC;
			productName = BBCC;
			productReference = 74735B1A1B557FCF009FBC70 /* BBCC.app */;
			productType = "com.apple.product-type.application";
		};
/* End PBXNativeTarget section */

/* Begin PBXProject section */
		74735B121B557FCF009FBC70 /* Project object */ = {
			isa = PBXProject;
			attributes = {
				LastUpgradeCheck = 0700;
				ORGANIZATIONNAME = "Steve (Zhang Jian)";
				TargetAttributes = {
					74735B191B557FCF009FBC70 = {
						CreatedOnToolsVersion = 7.0;
						SystemCapabilities = {
							com.apple.BackgroundModes = {
								enabled = 1;
							};
						};
					};
				};
			};
			buildConfigurationList = 74735B151B557FCF009FBC70 /* Build configuration list for PBXProject "BBCC" */;
			compatibilityVersion = "Xcode 3.2";
			developmentRegion = English;
			hasScannedForEncodings = 0;
			knownRegions = (
				en,
				Base,
			);
			mainGroup = 74735B111B557FCF009FBC70;
			productRefGroup = 74735B1B1B557FCF009FBC70 /* Products */;
			projectDirPath = "";
			projectRoot = "";
			targets = (
				74735B191B557FCF009FBC70 /* BBCC */,
			);
		};
/* End PBXProject section */

/* Begin PBXResourcesBuildPhase section */
		74735B181B557FCF009FBC70 /* Resources */ = {
			isa = PBXResourcesBuildPhase;
			buildActionMask = 2147483647;
			files = (
				74735B2D1B557FCF009FBC70 /* LaunchScreen.storyboard in Resources */,
				74735B2A1B557FCF009FBC70 /* Assets.xcassets in Resources */,
				74735B281B557FCF009FBC70 /* Main.storyboard in Resources */,
			);
			runOnlyForDeploymentPostprocessing = 0;
		};
/* End PBXResourcesBuildPhase section */

/* Begin PBXShellScriptBuildPhase section */
		F3BCE46FE8EB8580742350DB /* Copy Pods Resources */ = {
			isa = PBXShellScriptBuildPhase;
			buildActionMask = 2147483647;
			files = (
			);
			inputPaths = (
			);
			name = "Copy Pods Resources";
			outputPaths = (
			);
			runOnlyForDeploymentPostprocessing = 0;
			shellPath = /bin/sh;
			shellScript = "\"${SRCROOT}/Pods/Target Support Files/Pods/Pods-resources.sh\"\n";
			showEnvVarsInLog = 0;
		};
		F5F48196A9DE88E87E45190B /* Check Pods Manifest.lock */ = {
			isa = PBXShellScriptBuildPhase;
			buildActionMask = 2147483647;
			files = (
			);
			inputPaths = (
			);
			name = "Check Pods Manifest.lock";
			outputPaths = (
			);
			runOnlyForDeploymentPostprocessing = 0;
			shellPath = /bin/sh;
			shellScript = "diff \"${PODS_ROOT}/../Podfile.lock\" \"${PODS_ROOT}/Manifest.lock\" > /dev/null\nif [[ $? != 0 ]] ; then\n    cat << EOM\nerror: The sandbox is not in sync with the Podfile.lock. Run 'pod install' or update your CocoaPods installation.\nEOM\n    exit 1\nfi\n";
			showEnvVarsInLog = 0;
		};
/* End PBXShellScriptBuildPhase section */

/* Begin PBXSourcesBuildPhase section */
		74735B161B557FCF009FBC70 /* Sources */ = {
			isa = PBXSourcesBuildPhase;
			buildActionMask = 2147483647;
			files = (
				74735B251B557FCF009FBC70 /* ViewController.m in Sources */,
				74735B3B1B558943009FBC70 /* Request.m in Sources */,
				747423E21B56AE720006E3F1 /* Check.m in Sources */,
				74735B361B557FE7009FBC70 /* BeaconManager.m in Sources */,
				74735B221B557FCF009FBC70 /* AppDelegate.m in Sources */,
				74518C351B56935800A49329 /* EditViewController.m in Sources */,
				74735B1F1B557FCF009FBC70 /* main.m in Sources */,
			);
			runOnlyForDeploymentPostprocessing = 0;
		};
/* End PBXSourcesBuildPhase section */

/* Begin PBXVariantGroup section */
		74735B261B557FCF009FBC70 /* Main.storyboard */ = {
			isa = PBXVariantGroup;
			children = (
				74735B271B557FCF009FBC70 /* Base */,
			);
			name = Main.storyboard;
			sourceTree = "<group>";
		};
		74735B2B1B557FCF009FBC70 /* LaunchScreen.storyboard */ = {
			isa = PBXVariantGroup;
			children = (
				74735B2C1B557FCF009FBC70 /* Base */,
			);
			name = LaunchScreen.storyboard;
			sourceTree = "<group>";
		};
/* End PBXVariantGroup section */

/* Begin XCBuildConfiguration section */
		74735B2F1B557FCF009FBC70 /* Debug */ = {
			isa = XCBuildConfiguration;
			buildSettings = {
				ALWAYS_SEARCH_USER_PATHS = NO;
				CLANG_CXX_LANGUAGE_STANDARD = "gnu++0x";
				CLANG_CXX_LIBRARY = "libc++";
				CLANG_ENABLE_MODULES = YES;
				CLANG_ENABLE_OBJC_ARC = YES;
				CLANG_WARN_BOOL_CONVERSION = YES;
				CLANG_WARN_CONSTANT_CONVERSION = YES;
				CLANG_WARN_DIRECT_OBJC_ISA_USAGE = YES_ERROR;
				CLANG_WARN_EMPTY_BODY = YES;
				CLANG_WARN_ENUM_CONVERSION = YES;
				CLANG_WARN_INT_CONVERSION = YES;
				CLANG_WARN_OBJC_ROOT_CLASS = YES_ERROR;
				CLANG_WARN_UNREACHABLE_CODE = YES;
				CLANG_WARN__DUPLICATE_METHOD_MATCH = YES;
				"CODE_SIGN_IDENTITY[sdk=iphoneos*]" = "iPhone Developer";
				COPY_PHASE_STRIP = NO;
				DEBUG_INFORMATION_FORMAT = dwarf;
				ENABLE_STRICT_OBJC_MSGSEND = YES;
				ENABLE_TESTABILITY = YES;
				GCC_C_LANGUAGE_STANDARD = gnu99;
				GCC_DYNAMIC_NO_PIC = NO;
				GCC_NO_COMMON_BLOCKS = YES;
				GCC_OPTIMIZATION_LEVEL = 0;
				GCC_PREPROCESSOR_DEFINITIONS = (
					"DEBUG=1",
					"$(inherited)",
				);
				GCC_WARN_64_TO_32_BIT_CONVERSION = YES;
				GCC_WARN_ABOUT_RETURN_TYPE = YES_ERROR;
				GCC_WARN_UNDECLARED_SELECTOR = YES;
				GCC_WARN_UNINITIALIZED_AUTOS = YES_AGGRESSIVE;
				GCC_WARN_UNUSED_FUNCTION = YES;
				GCC_WARN_UNUSED_VARIABLE = YES;
				IPHONEOS_DEPLOYMENT_TARGET = 9.0;
				MTL_ENABLE_DEBUG_INFO = YES;
				ONLY_ACTIVE_ARCH = YES;
				SDKROOT = iphoneos;
			};
			name = Debug;
		};
		74735B301B557FCF009FBC70 /* Release */ = {
			isa = XCBuildConfiguration;
			buildSettings = {
				ALWAYS_SEARCH_USER_PATHS = NO;
				CLANG_CXX_LANGUAGE_STANDARD = "gnu++0x";
				CLANG_CXX_LIBRARY = "libc++";
				CLANG_ENABLE_MODULES = YES;
				CLANG_ENABLE_OBJC_ARC = YES;
				CLANG_WARN_BOOL_CONVERSION = YES;
				CLANG_WARN_CONSTANT_CONVERSION = YES;
				CLANG_WARN_DIRECT_OBJC_ISA_USAGE = YES_ERROR;
				CLANG_WARN_EMPTY_BODY = YES;
				CLANG_WARN_ENUM_CONVERSION = YES;
				CLANG_WARN_INT_CONVERSION = YES;
				CLANG_WARN_OBJC_ROOT_CLASS = YES_ERROR;
				CLANG_WARN_UNREACHABLE_CODE = YES;
				CLANG_WARN__DUPLICATE_METHOD_MATCH = YES;
				"CODE_SIGN_IDENTITY[sdk=iphoneos*]" = "iPhone Developer";
				COPY_PHASE_STRIP = NO;
				DEBUG_INFORMATION_FORMAT = "dwarf-with-dsym";
				ENABLE_NS_ASSERTIONS = NO;
				ENABLE_STRICT_OBJC_MSGSEND = YES;
				GCC_C_LANGUAGE_STANDARD = gnu99;
				GCC_NO_COMMON_BLOCKS = YES;
				GCC_WARN_64_TO_32_BIT_CONVERSION = YES;
				GCC_WARN_ABOUT_RETURN_TYPE = YES_ERROR;
				GCC_WARN_UNDECLARED_SELECTOR = YES;
				GCC_WARN_UNINITIALIZED_AUTOS = YES_AGGRESSIVE;
				GCC_WARN_UNUSED_FUNCTION = YES;
				GCC_WARN_UNUSED_VARIABLE = YES;
				IPHONEOS_DEPLOYMENT_TARGET = 9.0;
				MTL_ENABLE_DEBUG_INFO = NO;
				SDKROOT = iphoneos;
				VALIDATE_PRODUCT = YES;
			};
			name = Release;
		};
		74735B321B557FCF009FBC70 /* Debug */ = {
			isa = XCBuildConfiguration;
			baseConfigurationReference = 6DC7C3E03887A6A9BB201084 /* Pods.debug.xcconfig */;
			buildSettings = {
				ASSETCATALOG_COMPILER_APPICON_NAME = AppIcon;
				INFOPLIST_FILE = BBCC/Info.plist;
				IPHONEOS_DEPLOYMENT_TARGET = 8.0;
				LD_RUNPATH_SEARCH_PATHS = "$(inherited) @executable_path/Frameworks";
				PRODUCT_BUNDLE_IDENTIFIER = com.thoughtworks.jianzhang.BBCC;
				PRODUCT_NAME = "$(TARGET_NAME)";
			};
			name = Debug;
		};
		74735B331B557FCF009FBC70 /* Release */ = {
			isa = XCBuildConfiguration;
			baseConfigurationReference = BC4608CD6E173044B9A6B11A /* Pods.release.xcconfig */;
			buildSettings = {
				ASSETCATALOG_COMPILER_APPICON_NAME = AppIcon;
				INFOPLIST_FILE = BBCC/Info.plist;
				IPHONEOS_DEPLOYMENT_TARGET = 8.0;
				LD_RUNPATH_SEARCH_PATHS = "$(inherited) @executable_path/Frameworks";
				PRODUCT_BUNDLE_IDENTIFIER = com.thoughtworks.jianzhang.BBCC;
				PRODUCT_NAME = "$(TARGET_NAME)";
			};
			name = Release;
		};
/* End XCBuildConfiguration section */

/* Begin XCConfigurationList section */
		74735B151B557FCF009FBC70 /* Build configuration list for PBXProject "BBCC" */ = {
			isa = XCConfigurationList;
			buildConfigurations = (
				74735B2F1B557FCF009FBC70 /* Debug */,
				74735B301B557FCF009FBC70 /* Release */,
			);
			defaultConfigurationIsVisible = 0;
			defaultConfigurationName = Release;
		};
		74735B311B557FCF009FBC70 /* Build configuration list for PBXNativeTarget "BBCC" */ = {
			isa = XCConfigurationList;
			buildConfigurations = (
				74735B321B557FCF009FBC70 /* Debug */,
				74735B331B557FCF009FBC70 /* Release */,
			);
			defaultConfigurationIsVisible = 0;
			defaultConfigurationName = Release;
		};
/* End XCConfigurationList section */
	};
	rootObject = 74735B121B557FCF009FBC70 /* Project object */;
}
